// !$*UTF8*$!
{
	archiveVersion = 1;
	classes = {
	};
	objectVersion = 77;
	objects = {

/* Begin PBXBuildFile section */
		732884632D3D3F7900E91A89 /* ImageViewer.swift in Sources */ = {isa = PBXBuildFile; fileRef = 732884622D3D3F7900E91A89 /* ImageViewer.swift */; };
		732884652D3D402600E91A89 /* ImagePreviewer.swift in Sources */ = {isa = PBXBuildFile; fileRef = 732884642D3D402600E91A89 /* ImagePreviewer.swift */; };
		7355F7B42D3C10A800B88AF6 /* KeyboardProvider.swift in Sources */ = {isa = PBXBuildFile; fileRef = 7355F7B32D3C10A800B88AF6 /* KeyboardProvider.swift */; };
		7355F7B82D3C11DC00B88AF6 /* OrientationInfo.swift in Sources */ = {isa = PBXBuildFile; fileRef = 7355F7B72D3C11DC00B88AF6 /* OrientationInfo.swift */; };
		7355F7BB2D3C120300B88AF6 /* FolderShapeView.swift in Sources */ = {isa = PBXBuildFile; fileRef = 7355F7BA2D3C120300B88AF6 /* FolderShapeView.swift */; };
		7355F7BD2D3C124000B88AF6 /* FoldersGridView.swift in Sources */ = {isa = PBXBuildFile; fileRef = 7355F7BC2D3C124000B88AF6 /* FoldersGridView.swift */; };
		7355F7BF2D3C126800B88AF6 /* FolderTopShape.swift in Sources */ = {isa = PBXBuildFile; fileRef = 7355F7BE2D3C126800B88AF6 /* FolderTopShape.swift */; };
		7355F7C12D3C127500B88AF6 /* FolderBottomShape.swift in Sources */ = {isa = PBXBuildFile; fileRef = 7355F7C02D3C127500B88AF6 /* FolderBottomShape.swift */; };
		7355F7C32D3C12A900B88AF6 /* FoldersListView.swift in Sources */ = {isa = PBXBuildFile; fileRef = 7355F7C22D3C12A900B88AF6 /* FoldersListView.swift */; };
		7355F7C52D3C13D700B88AF6 /* FolderType.swift in Sources */ = {isa = PBXBuildFile; fileRef = 7355F7C42D3C13D700B88AF6 /* FolderType.swift */; };
		7355F7C72D3C19A300B88AF6 /* NewFolderNameView.swift in Sources */ = {isa = PBXBuildFile; fileRef = 7355F7C62D3C199B00B88AF6 /* NewFolderNameView.swift */; };
		7355F7C92D3C1EEF00B88AF6 /* BackgroundClearView.swift in Sources */ = {isa = PBXBuildFile; fileRef = 7355F7C82D3C1EEF00B88AF6 /* BackgroundClearView.swift */; };
		7371D5752D3CDECE00083162 /* FilesHomeView.swift in Sources */ = {isa = PBXBuildFile; fileRef = 7371D5742D3CDEB200083162 /* FilesHomeView.swift */; };
		7371D5772D3CE1AB00083162 /* FilesViewModel.swift in Sources */ = {isa = PBXBuildFile; fileRef = 7371D5762D3CE1A300083162 /* FilesViewModel.swift */; };
		7371D57A2D3CF3B800083162 /* FileImporterView.swift in Sources */ = {isa = PBXBuildFile; fileRef = 7371D5792D3CF3B800083162 /* FileImporterView.swift */; };
		7371D57C2D3CF4FA00083162 /* ImagePicker.swift in Sources */ = {isa = PBXBuildFile; fileRef = 7371D57B2D3CF4FA00083162 /* ImagePicker.swift */; };
		7371D57E2D3CFDFE00083162 /* FilesListView.swift in Sources */ = {isa = PBXBuildFile; fileRef = 7371D57D2D3CFDFE00083162 /* FilesListView.swift */; };
		73A93C402D3153CC004ADEC1 /* Poppins-Bold.ttf in Resources */ = {isa = PBXBuildFile; fileRef = 73A93C2E2D3153CC004ADEC1 /* Poppins-Bold.ttf */; };
		73A93C412D3153CC004ADEC1 /* Poppins-Medium.ttf in Resources */ = {isa = PBXBuildFile; fileRef = 73A93C2F2D3153CC004ADEC1 /* Poppins-Medium.ttf */; };
		73A93C422D3153CC004ADEC1 /* Poppins-Regular.ttf in Resources */ = {isa = PBXBuildFile; fileRef = 73A93C302D3153CC004ADEC1 /* Poppins-Regular.ttf */; };
		73A93C432D3153CC004ADEC1 /* Poppins-SemiBold.ttf in Resources */ = {isa = PBXBuildFile; fileRef = 73A93C312D3153CC004ADEC1 /* Poppins-SemiBold.ttf */; };
		73A93C442D3153CC004ADEC1 /* Images.xcassets in Resources */ = {isa = PBXBuildFile; fileRef = 73A93C332D3153CC004ADEC1 /* Images.xcassets */; };
		73A93C452D3153CC004ADEC1 /* Colors.xcassets in Resources */ = {isa = PBXBuildFile; fileRef = 73A93C342D3153CC004ADEC1 /* Colors.xcassets */; };
		73A93C472D3153CC004ADEC1 /* Offline_Files_AppApp.swift in Sources */ = {isa = PBXBuildFile; fileRef = 73A93C2B2D3153CC004ADEC1 /* Offline_Files_AppApp.swift */; };
		73A93C492D3153CC004ADEC1 /* FontHandler.swift in Sources */ = {isa = PBXBuildFile; fileRef = 73A93C382D3153CC004ADEC1 /* FontHandler.swift */; };
		73A93C4A2D3153CC004ADEC1 /* Persistence.swift in Sources */ = {isa = PBXBuildFile; fileRef = 73A93C392D3153CC004ADEC1 /* Persistence.swift */; };
		73A93C4B2D3153CC004ADEC1 /* OnboardView.swift in Sources */ = {isa = PBXBuildFile; fileRef = 73A93C3C2D3153CC004ADEC1 /* OnboardView.swift */; };
		73A93C4C2D3153CC004ADEC1 /* Offline_Files_App.xcdatamodeld in Sources */ = {isa = PBXBuildFile; fileRef = 73A93C362D3153CC004ADEC1 /* Offline_Files_App.xcdatamodeld */; };
		73A93C4E2D31681D004ADEC1 /* AppStrings.swift in Sources */ = {isa = PBXBuildFile; fileRef = 73A93C4D2D31681A004ADEC1 /* AppStrings.swift */; };
		73A93C502D316D1A004ADEC1 /* ViewCoordinator.swift in Sources */ = {isa = PBXBuildFile; fileRef = 73A93C4F2D316D1A004ADEC1 /* ViewCoordinator.swift */; };
		73A93C522D316DA7004ADEC1 /* SplashScreen.swift in Sources */ = {isa = PBXBuildFile; fileRef = 73A93C512D316DA7004ADEC1 /* SplashScreen.swift */; };
		73A93C542D317114004ADEC1 /* AppStorage.swift in Sources */ = {isa = PBXBuildFile; fileRef = 73A93C532D31710B004ADEC1 /* AppStorage.swift */; };
		73A93C582D3171BD004ADEC1 /* FolderHomeView.swift in Sources */ = {isa = PBXBuildFile; fileRef = 73A93C572D3171BD004ADEC1 /* FolderHomeView.swift */; };
		73DA249E2D3D2083008992AE /* FilePreview.swift in Sources */ = {isa = PBXBuildFile; fileRef = 73DA249D2D3D2083008992AE /* FilePreview.swift */; };
		73E89F8E2D3ABD6300B3B76A /* Extensions.swift in Sources */ = {isa = PBXBuildFile; fileRef = 73E89F8D2D3ABD5E00B3B76A /* Extensions.swift */; };
		73E89F912D3ABE4000B3B76A /* NavigationHeader.swift in Sources */ = {isa = PBXBuildFile; fileRef = 73E89F902D3ABE4000B3B76A /* NavigationHeader.swift */; };
		73E89F932D3AC99400B3B76A /* HomeEllipsisOptionsView.swift in Sources */ = {isa = PBXBuildFile; fileRef = 73E89F922D3AC99400B3B76A /* HomeEllipsisOptionsView.swift */; };
		73E89F952D3AC9A100B3B76A /* WelcomeNoteView.swift in Sources */ = {isa = PBXBuildFile; fileRef = 73E89F942D3AC9A100B3B76A /* WelcomeNoteView.swift */; };
		73E89F982D3AC9C700B3B76A /* HomeViewModel.swift in Sources */ = {isa = PBXBuildFile; fileRef = 73E89F972D3AC9C300B3B76A /* HomeViewModel.swift */; };
/* End PBXBuildFile section */

/* Begin PBXFileReference section */
		732884622D3D3F7900E91A89 /* ImageViewer.swift */ = {isa = PBXFileReference; lastKnownFileType = sourcecode.swift; path = ImageViewer.swift; sourceTree = "<group>"; };
		732884642D3D402600E91A89 /* ImagePreviewer.swift */ = {isa = PBXFileReference; lastKnownFileType = sourcecode.swift; path = ImagePreviewer.swift; sourceTree = "<group>"; };
		7355F7B32D3C10A800B88AF6 /* KeyboardProvider.swift */ = {isa = PBXFileReference; lastKnownFileType = sourcecode.swift; path = KeyboardProvider.swift; sourceTree = "<group>"; };
		7355F7B72D3C11DC00B88AF6 /* OrientationInfo.swift */ = {isa = PBXFileReference; lastKnownFileType = sourcecode.swift; path = OrientationInfo.swift; sourceTree = "<group>"; };
		7355F7BA2D3C120300B88AF6 /* FolderShapeView.swift */ = {isa = PBXFileReference; lastKnownFileType = sourcecode.swift; path = FolderShapeView.swift; sourceTree = "<group>"; };
		7355F7BC2D3C124000B88AF6 /* FoldersGridView.swift */ = {isa = PBXFileReference; lastKnownFileType = sourcecode.swift; path = FoldersGridView.swift; sourceTree = "<group>"; };
		7355F7BE2D3C126800B88AF6 /* FolderTopShape.swift */ = {isa = PBXFileReference; lastKnownFileType = sourcecode.swift; path = FolderTopShape.swift; sourceTree = "<group>"; };
		7355F7C02D3C127500B88AF6 /* FolderBottomShape.swift */ = {isa = PBXFileReference; lastKnownFileType = sourcecode.swift; path = FolderBottomShape.swift; sourceTree = "<group>"; };
		7355F7C22D3C12A900B88AF6 /* FoldersListView.swift */ = {isa = PBXFileReference; lastKnownFileType = sourcecode.swift; path = FoldersListView.swift; sourceTree = "<group>"; };
		7355F7C42D3C13D700B88AF6 /* FolderType.swift */ = {isa = PBXFileReference; lastKnownFileType = sourcecode.swift; path = FolderType.swift; sourceTree = "<group>"; };
		7355F7C62D3C199B00B88AF6 /* NewFolderNameView.swift */ = {isa = PBXFileReference; lastKnownFileType = sourcecode.swift; path = NewFolderNameView.swift; sourceTree = "<group>"; };
		7355F7C82D3C1EEF00B88AF6 /* BackgroundClearView.swift */ = {isa = PBXFileReference; lastKnownFileType = sourcecode.swift; path = BackgroundClearView.swift; sourceTree = "<group>"; };
		7371D5742D3CDEB200083162 /* FilesHomeView.swift */ = {isa = PBXFileReference; lastKnownFileType = sourcecode.swift; path = FilesHomeView.swift; sourceTree = "<group>"; };
		7371D5762D3CE1A300083162 /* FilesViewModel.swift */ = {isa = PBXFileReference; lastKnownFileType = sourcecode.swift; path = FilesViewModel.swift; sourceTree = "<group>"; };
		7371D5792D3CF3B800083162 /* FileImporterView.swift */ = {isa = PBXFileReference; lastKnownFileType = sourcecode.swift; path = FileImporterView.swift; sourceTree = "<group>"; };
		7371D57B2D3CF4FA00083162 /* ImagePicker.swift */ = {isa = PBXFileReference; lastKnownFileType = sourcecode.swift; path = ImagePicker.swift; sourceTree = "<group>"; };
		7371D57D2D3CFDFE00083162 /* FilesListView.swift */ = {isa = PBXFileReference; lastKnownFileType = sourcecode.swift; path = FilesListView.swift; sourceTree = "<group>"; };
		739D97E62D2F6FDE009AA35B /* Offline-Files-App.app */ = {isa = PBXFileReference; explicitFileType = wrapper.application; includeInIndex = 0; path = "Offline-Files-App.app"; sourceTree = BUILT_PRODUCTS_DIR; };
		73A93C2B2D3153CC004ADEC1 /* Offline_Files_AppApp.swift */ = {isa = PBXFileReference; lastKnownFileType = sourcecode.swift; path = Offline_Files_AppApp.swift; sourceTree = "<group>"; };
		73A93C2E2D3153CC004ADEC1 /* Poppins-Bold.ttf */ = {isa = PBXFileReference; lastKnownFileType = file; path = "Poppins-Bold.ttf"; sourceTree = "<group>"; };
		73A93C2F2D3153CC004ADEC1 /* Poppins-Medium.ttf */ = {isa = PBXFileReference; lastKnownFileType = file; path = "Poppins-Medium.ttf"; sourceTree = "<group>"; };
		73A93C302D3153CC004ADEC1 /* Poppins-Regular.ttf */ = {isa = PBXFileReference; lastKnownFileType = file; path = "Poppins-Regular.ttf"; sourceTree = "<group>"; };
		73A93C312D3153CC004ADEC1 /* Poppins-SemiBold.ttf */ = {isa = PBXFileReference; lastKnownFileType = file; path = "Poppins-SemiBold.ttf"; sourceTree = "<group>"; };
		73A93C332D3153CC004ADEC1 /* Images.xcassets */ = {isa = PBXFileReference; lastKnownFileType = folder.assetcatalog; path = Images.xcassets; sourceTree = "<group>"; };
		73A93C342D3153CC004ADEC1 /* Colors.xcassets */ = {isa = PBXFileReference; lastKnownFileType = folder.assetcatalog; path = Colors.xcassets; sourceTree = "<group>"; };
		73A93C352D3153CC004ADEC1 /* Info.plist */ = {isa = PBXFileReference; lastKnownFileType = text.plist.xml; path = Info.plist; sourceTree = "<group>"; };
		73A93C382D3153CC004ADEC1 /* FontHandler.swift */ = {isa = PBXFileReference; lastKnownFileType = sourcecode.swift; path = FontHandler.swift; sourceTree = "<group>"; };
		73A93C392D3153CC004ADEC1 /* Persistence.swift */ = {isa = PBXFileReference; lastKnownFileType = sourcecode.swift; path = Persistence.swift; sourceTree = "<group>"; };
		73A93C3C2D3153CC004ADEC1 /* OnboardView.swift */ = {isa = PBXFileReference; lastKnownFileType = sourcecode.swift; path = OnboardView.swift; sourceTree = "<group>"; };
		73A93C3F2D3153CC004ADEC1 /* Offline_Files_App.xcdatamodel */ = {isa = PBXFileReference; lastKnownFileType = wrapper.xcdatamodel; path = Offline_Files_App.xcdatamodel; sourceTree = "<group>"; };
		73A93C4D2D31681A004ADEC1 /* AppStrings.swift */ = {isa = PBXFileReference; lastKnownFileType = sourcecode.swift; path = AppStrings.swift; sourceTree = "<group>"; };
		73A93C4F2D316D1A004ADEC1 /* ViewCoordinator.swift */ = {isa = PBXFileReference; lastKnownFileType = sourcecode.swift; path = ViewCoordinator.swift; sourceTree = "<group>"; };
		73A93C512D316DA7004ADEC1 /* SplashScreen.swift */ = {isa = PBXFileReference; lastKnownFileType = sourcecode.swift; path = SplashScreen.swift; sourceTree = "<group>"; };
		73A93C532D31710B004ADEC1 /* AppStorage.swift */ = {isa = PBXFileReference; lastKnownFileType = sourcecode.swift; path = AppStorage.swift; sourceTree = "<group>"; };
		73A93C572D3171BD004ADEC1 /* FolderHomeView.swift */ = {isa = PBXFileReference; lastKnownFileType = sourcecode.swift; path = FolderHomeView.swift; sourceTree = "<group>"; };
		73DA249D2D3D2083008992AE /* FilePreview.swift */ = {isa = PBXFileReference; lastKnownFileType = sourcecode.swift; path = FilePreview.swift; sourceTree = "<group>"; };
		73E89F8D2D3ABD5E00B3B76A /* Extensions.swift */ = {isa = PBXFileReference; lastKnownFileType = sourcecode.swift; path = Extensions.swift; sourceTree = "<group>"; };
		73E89F902D3ABE4000B3B76A /* NavigationHeader.swift */ = {isa = PBXFileReference; lastKnownFileType = sourcecode.swift; path = NavigationHeader.swift; sourceTree = "<group>"; };
		73E89F922D3AC99400B3B76A /* HomeEllipsisOptionsView.swift */ = {isa = PBXFileReference; lastKnownFileType = sourcecode.swift; path = HomeEllipsisOptionsView.swift; sourceTree = "<group>"; };
		73E89F942D3AC9A100B3B76A /* WelcomeNoteView.swift */ = {isa = PBXFileReference; lastKnownFileType = sourcecode.swift; path = WelcomeNoteView.swift; sourceTree = "<group>"; };
		73E89F972D3AC9C300B3B76A /* HomeViewModel.swift */ = {isa = PBXFileReference; lastKnownFileType = sourcecode.swift; path = HomeViewModel.swift; sourceTree = "<group>"; };
/* End PBXFileReference section */

/* Begin PBXFrameworksBuildPhase section */
		739D97E32D2F6FDE009AA35B /* Frameworks */ = {
			isa = PBXFrameworksBuildPhase;
			buildActionMask = 2147483647;
			files = (
			);
			runOnlyForDeploymentPostprocessing = 0;
		};
/* End PBXFrameworksBuildPhase section */

/* Begin PBXGroup section */
		7355F7B92D3C11FB00B88AF6 /* FolderView */ = {
			isa = PBXGroup;
			children = (
				7355F7C42D3C13D700B88AF6 /* FolderType.swift */,
				7355F7C22D3C12A900B88AF6 /* FoldersListView.swift */,
				7355F7BC2D3C124000B88AF6 /* FoldersGridView.swift */,
				7355F7C02D3C127500B88AF6 /* FolderBottomShape.swift */,
				7355F7BE2D3C126800B88AF6 /* FolderTopShape.swift */,
				7355F7BA2D3C120300B88AF6 /* FolderShapeView.swift */,
			);
			path = FolderView;
			sourceTree = "<group>";
		};
		7371D5732D3CDEA300083162 /* Files */ = {
			isa = PBXGroup;
			children = (
				7371D5742D3CDEB200083162 /* FilesHomeView.swift */,
				7371D57D2D3CFDFE00083162 /* FilesListView.swift */,
				73DA249D2D3D2083008992AE /* FilePreview.swift */,
				732884622D3D3F7900E91A89 /* ImageViewer.swift */,
				732884642D3D402600E91A89 /* ImagePreviewer.swift */,
			);
			path = Files;
			sourceTree = "<group>";
		};
		7371D5782D3CE1B000083162 /* Files */ = {
			isa = PBXGroup;
			children = (
				7371D5762D3CE1A300083162 /* FilesViewModel.swift */,
			);
			path = Files;
			sourceTree = "<group>";
		};
		739D97DD2D2F6FDE009AA35B = {
			isa = PBXGroup;
			children = (
				73A93C3E2D3153CC004ADEC1 /* Offline-Files-App */,
				739D97E72D2F6FDE009AA35B /* Products */,
			);
			sourceTree = "<group>";
		};
		739D97E72D2F6FDE009AA35B /* Products */ = {
			isa = PBXGroup;
			children = (
				739D97E62D2F6FDE009AA35B /* Offline-Files-App.app */,
			);
			name = Products;
			sourceTree = "<group>";
		};
		73A93C2C2D3153CC004ADEC1 /* Main */ = {
			isa = PBXGroup;
			children = (
				73A93C2B2D3153CC004ADEC1 /* Offline_Files_AppApp.swift */,
				73A93C512D316DA7004ADEC1 /* SplashScreen.swift */,
				73A93C4F2D316D1A004ADEC1 /* ViewCoordinator.swift */,
			);
			path = Main;
			sourceTree = "<group>";
		};
		73A93C2D2D3153CC004ADEC1 /* Model */ = {
			isa = PBXGroup;
			children = (
			);
			path = Model;
			sourceTree = "<group>";
		};
		73A93C322D3153CC004ADEC1 /* Fonts */ = {
			isa = PBXGroup;
			children = (
				73A93C2E2D3153CC004ADEC1 /* Poppins-Bold.ttf */,
				73A93C2F2D3153CC004ADEC1 /* Poppins-Medium.ttf */,
				73A93C302D3153CC004ADEC1 /* Poppins-Regular.ttf */,
				73A93C312D3153CC004ADEC1 /* Poppins-SemiBold.ttf */,
			);
			path = Fonts;
			sourceTree = "<group>";
		};
		73A93C372D3153CC004ADEC1 /* Resources */ = {
			isa = PBXGroup;
			children = (
				73A93C322D3153CC004ADEC1 /* Fonts */,
				73A93C332D3153CC004ADEC1 /* Images.xcassets */,
				73A93C342D3153CC004ADEC1 /* Colors.xcassets */,
				73A93C352D3153CC004ADEC1 /* Info.plist */,
				73A93C362D3153CC004ADEC1 /* Offline_Files_App.xcdatamodeld */,
			);
			path = Resources;
			sourceTree = "<group>";
		};
		73A93C3A2D3153CC004ADEC1 /* Utils */ = {
			isa = PBXGroup;
			children = (
				7371D57B2D3CF4FA00083162 /* ImagePicker.swift */,
				7371D5792D3CF3B800083162 /* FileImporterView.swift */,
				7355F7C82D3C1EEF00B88AF6 /* BackgroundClearView.swift */,
				7355F7B72D3C11DC00B88AF6 /* OrientationInfo.swift */,
				7355F7B32D3C10A800B88AF6 /* KeyboardProvider.swift */,
				73E89F8D2D3ABD5E00B3B76A /* Extensions.swift */,
				73A93C532D31710B004ADEC1 /* AppStorage.swift */,
				73A93C4D2D31681A004ADEC1 /* AppStrings.swift */,
				73A93C382D3153CC004ADEC1 /* FontHandler.swift */,
				73A93C392D3153CC004ADEC1 /* Persistence.swift */,
			);
			path = Utils;
			sourceTree = "<group>";
		};
		73A93C3B2D3153CC004ADEC1 /* ViewModel */ = {
			isa = PBXGroup;
			children = (
				7371D5782D3CE1B000083162 /* Files */,
				73E89F962D3AC9B700B3B76A /* Home */,
			);
			path = ViewModel;
			sourceTree = "<group>";
		};
		73A93C3D2D3153CC004ADEC1 /* Views */ = {
			isa = PBXGroup;
			children = (
				73A93C552D31719A004ADEC1 /* Onboard */,
				73A93C562D3171A8004ADEC1 /* Folders */,
				7371D5732D3CDEA300083162 /* Files */,
				7355F7B92D3C11FB00B88AF6 /* FolderView */,
				73E89F8F2D3ABE3000B3B76A /* NavigationHeader */,
			);
			path = Views;
			sourceTree = "<group>";
		};
		73A93C3E2D3153CC004ADEC1 /* Offline-Files-App */ = {
			isa = PBXGroup;
			children = (
				73A93C2C2D3153CC004ADEC1 /* Main */,
				73A93C3D2D3153CC004ADEC1 /* Views */,
				73A93C2D2D3153CC004ADEC1 /* Model */,
				73A93C3B2D3153CC004ADEC1 /* ViewModel */,
				73A93C372D3153CC004ADEC1 /* Resources */,
				73A93C3A2D3153CC004ADEC1 /* Utils */,
			);
			path = "Offline-Files-App";
			sourceTree = "<group>";
		};
		73A93C552D31719A004ADEC1 /* Onboard */ = {
			isa = PBXGroup;
			children = (
				73A93C3C2D3153CC004ADEC1 /* OnboardView.swift */,
			);
			path = Onboard;
			sourceTree = "<group>";
		};
		73A93C562D3171A8004ADEC1 /* Folders */ = {
			isa = PBXGroup;
			children = (
				7355F7C62D3C199B00B88AF6 /* NewFolderNameView.swift */,
				73A93C572D3171BD004ADEC1 /* FolderHomeView.swift */,
				73E89F942D3AC9A100B3B76A /* WelcomeNoteView.swift */,
				73E89F922D3AC99400B3B76A /* HomeEllipsisOptionsView.swift */,
			);
			path = Folders;
			sourceTree = "<group>";
		};
		73E89F8F2D3ABE3000B3B76A /* NavigationHeader */ = {
			isa = PBXGroup;
			children = (
				73E89F902D3ABE4000B3B76A /* NavigationHeader.swift */,
			);
			path = NavigationHeader;
			sourceTree = "<group>";
		};
		73E89F962D3AC9B700B3B76A /* Home */ = {
			isa = PBXGroup;
			children = (
				73E89F972D3AC9C300B3B76A /* HomeViewModel.swift */,
			);
			path = Home;
			sourceTree = "<group>";
		};
/* End PBXGroup section */

/* Begin PBXNativeTarget section */
		739D97E52D2F6FDE009AA35B /* Offline-Files-App */ = {
			isa = PBXNativeTarget;
			buildConfigurationList = 739D97F92D2F6FDF009AA35B /* Build configuration list for PBXNativeTarget "Offline-Files-App" */;
			buildPhases = (
				739D97E22D2F6FDE009AA35B /* Sources */,
				739D97E32D2F6FDE009AA35B /* Frameworks */,
				739D97E42D2F6FDE009AA35B /* Resources */,
			);
			buildRules = (
			);
			dependencies = (
			);
			name = "Offline-Files-App";
			packageProductDependencies = (
			);
			productName = "Offline-Files-App";
			productReference = 739D97E62D2F6FDE009AA35B /* Offline-Files-App.app */;
			productType = "com.apple.product-type.application";
		};
/* End PBXNativeTarget section */

/* Begin PBXProject section */
		739D97DE2D2F6FDE009AA35B /* Project object */ = {
			isa = PBXProject;
			attributes = {
				BuildIndependentTargetsInParallel = 1;
				LastSwiftUpdateCheck = 1620;
				LastUpgradeCheck = 1620;
				TargetAttributes = {
					739D97E52D2F6FDE009AA35B = {
						CreatedOnToolsVersion = 16.2;
					};
				};
			};
			buildConfigurationList = 739D97E12D2F6FDE009AA35B /* Build configuration list for PBXProject "Offline-Files-App" */;
			developmentRegion = en;
			hasScannedForEncodings = 0;
			knownRegions = (
				en,
				Base,
			);
			mainGroup = 739D97DD2D2F6FDE009AA35B;
			minimizedProjectReferenceProxies = 1;
			preferredProjectObjectVersion = 77;
			productRefGroup = 739D97E72D2F6FDE009AA35B /* Products */;
			projectDirPath = "";
			projectRoot = "";
			targets = (
				739D97E52D2F6FDE009AA35B /* Offline-Files-App */,
			);
		};
/* End PBXProject section */

/* Begin PBXResourcesBuildPhase section */
		739D97E42D2F6FDE009AA35B /* Resources */ = {
			isa = PBXResourcesBuildPhase;
			buildActionMask = 2147483647;
			files = (
				73A93C402D3153CC004ADEC1 /* Poppins-Bold.ttf in Resources */,
				73A93C412D3153CC004ADEC1 /* Poppins-Medium.ttf in Resources */,
				73A93C422D3153CC004ADEC1 /* Poppins-Regular.ttf in Resources */,
				73A93C432D3153CC004ADEC1 /* Poppins-SemiBold.ttf in Resources */,
				73A93C442D3153CC004ADEC1 /* Images.xcassets in Resources */,
				73A93C452D3153CC004ADEC1 /* Colors.xcassets in Resources */,
			);
			runOnlyForDeploymentPostprocessing = 0;
		};
/* End PBXResourcesBuildPhase section */

/* Begin PBXSourcesBuildPhase section */
		739D97E22D2F6FDE009AA35B /* Sources */ = {
			isa = PBXSourcesBuildPhase;
			buildActionMask = 2147483647;
			files = (
				7371D5752D3CDECE00083162 /* FilesHomeView.swift in Sources */,
				732884632D3D3F7900E91A89 /* ImageViewer.swift in Sources */,
				7355F7C52D3C13D700B88AF6 /* FolderType.swift in Sources */,
				7371D57A2D3CF3B800083162 /* FileImporterView.swift in Sources */,
				7355F7C32D3C12A900B88AF6 /* FoldersListView.swift in Sources */,
				73A93C522D316DA7004ADEC1 /* SplashScreen.swift in Sources */,
				73A93C4E2D31681D004ADEC1 /* AppStrings.swift in Sources */,
				732884652D3D402600E91A89 /* ImagePreviewer.swift in Sources */,
				73E89F932D3AC99400B3B76A /* HomeEllipsisOptionsView.swift in Sources */,
				7355F7C12D3C127500B88AF6 /* FolderBottomShape.swift in Sources */,
				7355F7BF2D3C126800B88AF6 /* FolderTopShape.swift in Sources */,
				73E89F952D3AC9A100B3B76A /* WelcomeNoteView.swift in Sources */,
				7371D57E2D3CFDFE00083162 /* FilesListView.swift in Sources */,
				73E89F912D3ABE4000B3B76A /* NavigationHeader.swift in Sources */,
				73A93C472D3153CC004ADEC1 /* Offline_Files_AppApp.swift in Sources */,
				73A93C582D3171BD004ADEC1 /* FolderHomeView.swift in Sources */,
				73DA249E2D3D2083008992AE /* FilePreview.swift in Sources */,
				73A93C492D3153CC004ADEC1 /* FontHandler.swift in Sources */,
				7355F7C72D3C19A300B88AF6 /* NewFolderNameView.swift in Sources */,
				7355F7BB2D3C120300B88AF6 /* FolderShapeView.swift in Sources */,
				73A93C4C2D3153CC004ADEC1 /* Offline_Files_App.xcdatamodeld in Sources */,
				7371D57C2D3CF4FA00083162 /* ImagePicker.swift in Sources */,
				73A93C4A2D3153CC004ADEC1 /* Persistence.swift in Sources */,
				73A93C542D317114004ADEC1 /* AppStorage.swift in Sources */,
				73A93C4B2D3153CC004ADEC1 /* OnboardView.swift in Sources */,
				7355F7B82D3C11DC00B88AF6 /* OrientationInfo.swift in Sources */,
				73E89F8E2D3ABD6300B3B76A /* Extensions.swift in Sources */,
				7371D5772D3CE1AB00083162 /* FilesViewModel.swift in Sources */,
				7355F7B42D3C10A800B88AF6 /* KeyboardProvider.swift in Sources */,
				7355F7C92D3C1EEF00B88AF6 /* BackgroundClearView.swift in Sources */,
				73E89F982D3AC9C700B3B76A /* HomeViewModel.swift in Sources */,
				7355F7BD2D3C124000B88AF6 /* FoldersGridView.swift in Sources */,
				73A93C502D316D1A004ADEC1 /* ViewCoordinator.swift in Sources */,
			);
			runOnlyForDeploymentPostprocessing = 0;
		};
/* End PBXSourcesBuildPhase section */

/* Begin XCBuildConfiguration section */
		739D97F72D2F6FDF009AA35B /* Debug */ = {
			isa = XCBuildConfiguration;
			buildSettings = {
				ALWAYS_SEARCH_USER_PATHS = NO;
				ASSETCATALOG_COMPILER_GENERATE_SWIFT_ASSET_SYMBOL_EXTENSIONS = YES;
				CLANG_ANALYZER_NONNULL = YES;
				CLANG_ANALYZER_NUMBER_OBJECT_CONVERSION = YES_AGGRESSIVE;
				CLANG_CXX_LANGUAGE_STANDARD = "gnu++20";
				CLANG_ENABLE_MODULES = YES;
				CLANG_ENABLE_OBJC_ARC = YES;
				CLANG_ENABLE_OBJC_WEAK = YES;
				CLANG_WARN_BLOCK_CAPTURE_AUTORELEASING = YES;
				CLANG_WARN_BOOL_CONVERSION = YES;
				CLANG_WARN_COMMA = YES;
				CLANG_WARN_CONSTANT_CONVERSION = YES;
				CLANG_WARN_DEPRECATED_OBJC_IMPLEMENTATIONS = YES;
				CLANG_WARN_DIRECT_OBJC_ISA_USAGE = YES_ERROR;
				CLANG_WARN_DOCUMENTATION_COMMENTS = YES;
				CLANG_WARN_EMPTY_BODY = YES;
				CLANG_WARN_ENUM_CONVERSION = YES;
				CLANG_WARN_INFINITE_RECURSION = YES;
				CLANG_WARN_INT_CONVERSION = YES;
				CLANG_WARN_NON_LITERAL_NULL_CONVERSION = YES;
				CLANG_WARN_OBJC_IMPLICIT_RETAIN_SELF = YES;
				CLANG_WARN_OBJC_LITERAL_CONVERSION = YES;
				CLANG_WARN_OBJC_ROOT_CLASS = YES_ERROR;
				CLANG_WARN_QUOTED_INCLUDE_IN_FRAMEWORK_HEADER = YES;
				CLANG_WARN_RANGE_LOOP_ANALYSIS = YES;
				CLANG_WARN_STRICT_PROTOTYPES = YES;
				CLANG_WARN_SUSPICIOUS_MOVE = YES;
				CLANG_WARN_UNGUARDED_AVAILABILITY = YES_AGGRESSIVE;
				CLANG_WARN_UNREACHABLE_CODE = YES;
				CLANG_WARN__DUPLICATE_METHOD_MATCH = YES;
				COPY_PHASE_STRIP = NO;
				DEBUG_INFORMATION_FORMAT = dwarf;
				ENABLE_STRICT_OBJC_MSGSEND = YES;
				ENABLE_TESTABILITY = YES;
				ENABLE_USER_SCRIPT_SANDBOXING = YES;
				GCC_C_LANGUAGE_STANDARD = gnu17;
				GCC_DYNAMIC_NO_PIC = NO;
				GCC_NO_COMMON_BLOCKS = YES;
				GCC_OPTIMIZATION_LEVEL = 0;
				GCC_PREPROCESSOR_DEFINITIONS = (
					"DEBUG=1",
					"$(inherited)",
				);
				GCC_WARN_64_TO_32_BIT_CONVERSION = YES;
				GCC_WARN_ABOUT_RETURN_TYPE = YES_ERROR;
				GCC_WARN_UNDECLARED_SELECTOR = YES;
				GCC_WARN_UNINITIALIZED_AUTOS = YES_AGGRESSIVE;
				GCC_WARN_UNUSED_FUNCTION = YES;
				GCC_WARN_UNUSED_VARIABLE = YES;
				IPHONEOS_DEPLOYMENT_TARGET = 18.2;
				LOCALIZATION_PREFERS_STRING_CATALOGS = YES;
				MTL_ENABLE_DEBUG_INFO = INCLUDE_SOURCE;
				MTL_FAST_MATH = YES;
				ONLY_ACTIVE_ARCH = YES;
				SDKROOT = iphoneos;
				SWIFT_ACTIVE_COMPILATION_CONDITIONS = "DEBUG $(inherited)";
				SWIFT_OPTIMIZATION_LEVEL = "-Onone";
			};
			name = Debug;
		};
		739D97F82D2F6FDF009AA35B /* Release */ = {
			isa = XCBuildConfiguration;
			buildSettings = {
				ALWAYS_SEARCH_USER_PATHS = NO;
				ASSETCATALOG_COMPILER_GENERATE_SWIFT_ASSET_SYMBOL_EXTENSIONS = YES;
				CLANG_ANALYZER_NONNULL = YES;
				CLANG_ANALYZER_NUMBER_OBJECT_CONVERSION = YES_AGGRESSIVE;
				CLANG_CXX_LANGUAGE_STANDARD = "gnu++20";
				CLANG_ENABLE_MODULES = YES;
				CLANG_ENABLE_OBJC_ARC = YES;
				CLANG_ENABLE_OBJC_WEAK = YES;
				CLANG_WARN_BLOCK_CAPTURE_AUTORELEASING = YES;
				CLANG_WARN_BOOL_CONVERSION = YES;
				CLANG_WARN_COMMA = YES;
				CLANG_WARN_CONSTANT_CONVERSION = YES;
				CLANG_WARN_DEPRECATED_OBJC_IMPLEMENTATIONS = YES;
				CLANG_WARN_DIRECT_OBJC_ISA_USAGE = YES_ERROR;
				CLANG_WARN_DOCUMENTATION_COMMENTS = YES;
				CLANG_WARN_EMPTY_BODY = YES;
				CLANG_WARN_ENUM_CONVERSION = YES;
				CLANG_WARN_INFINITE_RECURSION = YES;
				CLANG_WARN_INT_CONVERSION = YES;
				CLANG_WARN_NON_LITERAL_NULL_CONVERSION = YES;
				CLANG_WARN_OBJC_IMPLICIT_RETAIN_SELF = YES;
				CLANG_WARN_OBJC_LITERAL_CONVERSION = YES;
				CLANG_WARN_OBJC_ROOT_CLASS = YES_ERROR;
				CLANG_WARN_QUOTED_INCLUDE_IN_FRAMEWORK_HEADER = YES;
				CLANG_WARN_RANGE_LOOP_ANALYSIS = YES;
				CLANG_WARN_STRICT_PROTOTYPES = YES;
				CLANG_WARN_SUSPICIOUS_MOVE = YES;
				CLANG_WARN_UNGUARDED_AVAILABILITY = YES_AGGRESSIVE;
				CLANG_WARN_UNREACHABLE_CODE = YES;
				CLANG_WARN__DUPLICATE_METHOD_MATCH = YES;
				COPY_PHASE_STRIP = NO;
				DEBUG_INFORMATION_FORMAT = "dwarf-with-dsym";
				ENABLE_NS_ASSERTIONS = NO;
				ENABLE_STRICT_OBJC_MSGSEND = YES;
				ENABLE_USER_SCRIPT_SANDBOXING = YES;
				GCC_C_LANGUAGE_STANDARD = gnu17;
				GCC_NO_COMMON_BLOCKS = YES;
				GCC_WARN_64_TO_32_BIT_CONVERSION = YES;
				GCC_WARN_ABOUT_RETURN_TYPE = YES_ERROR;
				GCC_WARN_UNDECLARED_SELECTOR = YES;
				GCC_WARN_UNINITIALIZED_AUTOS = YES_AGGRESSIVE;
				GCC_WARN_UNUSED_FUNCTION = YES;
				GCC_WARN_UNUSED_VARIABLE = YES;
				IPHONEOS_DEPLOYMENT_TARGET = 18.2;
				LOCALIZATION_PREFERS_STRING_CATALOGS = YES;
				MTL_ENABLE_DEBUG_INFO = NO;
				MTL_FAST_MATH = YES;
				SDKROOT = iphoneos;
				SWIFT_COMPILATION_MODE = wholemodule;
				VALIDATE_PRODUCT = YES;
			};
			name = Release;
		};
		739D97FA2D2F6FDF009AA35B /* Debug */ = {
			isa = XCBuildConfiguration;
			buildSettings = {
				ASSETCATALOG_COMPILER_APPICON_NAME = AppIcon;
				ASSETCATALOG_COMPILER_GLOBAL_ACCENT_COLOR_NAME = AccentColor;
				CODE_SIGN_STYLE = Automatic;
				CURRENT_PROJECT_VERSION = 1;
				DEVELOPMENT_ASSET_PATHS = "";
				DEVELOPMENT_TEAM = H24VQC569C;
				ENABLE_PREVIEWS = YES;
				GENERATE_INFOPLIST_FILE = YES;
				INFOPLIST_FILE = "${SRCROOT}/Offline-Files-App/Resources/Info.plist";
				INFOPLIST_KEY_CFBundleDisplayName = LoFi;
				INFOPLIST_KEY_NSDocumentsFolderUsageDescription = "We need access to your documents";
				INFOPLIST_KEY_NSPhotoLibraryUsageDescription = "Need access to get photos";
				INFOPLIST_KEY_UIApplicationSceneManifest_Generation = YES;
				INFOPLIST_KEY_UIApplicationSupportsIndirectInputEvents = YES;
				INFOPLIST_KEY_UILaunchScreen_Generation = YES;
				INFOPLIST_KEY_UISupportedInterfaceOrientations_iPad = "UIInterfaceOrientationPortrait UIInterfaceOrientationPortraitUpsideDown UIInterfaceOrientationLandscapeLeft UIInterfaceOrientationLandscapeRight";
				INFOPLIST_KEY_UISupportedInterfaceOrientations_iPhone = "UIInterfaceOrientationPortrait UIInterfaceOrientationLandscapeLeft UIInterfaceOrientationLandscapeRight";
				INFOPLIST_KEY_UIUserInterfaceStyle = Dark;
				LD_RUNPATH_SEARCH_PATHS = (
					"$(inherited)",
					"@executable_path/Frameworks",
				);
				MARKETING_VERSION = 1.0;
				PRODUCT_BUNDLE_IDENTIFIER = "com.karthirasu.Offline-Files-App";
				PRODUCT_NAME = "$(TARGET_NAME)";
				SWIFT_EMIT_LOC_STRINGS = YES;
				SWIFT_VERSION = 5.0;
				TARGETED_DEVICE_FAMILY = "1,2";
			};
			name = Debug;
		};
		739D97FB2D2F6FDF009AA35B /* Release */ = {
			isa = XCBuildConfiguration;
			buildSettings = {
				ASSETCATALOG_COMPILER_APPICON_NAME = AppIcon;
				ASSETCATALOG_COMPILER_GLOBAL_ACCENT_COLOR_NAME = AccentColor;
				CODE_SIGN_STYLE = Automatic;
				CURRENT_PROJECT_VERSION = 1;
				DEVELOPMENT_ASSET_PATHS = "";
				DEVELOPMENT_TEAM = H24VQC569C;
				ENABLE_PREVIEWS = YES;
				GENERATE_INFOPLIST_FILE = YES;
				INFOPLIST_FILE = "${SRCROOT}/Offline-Files-App/Resources/Info.plist";
				INFOPLIST_KEY_CFBundleDisplayName = LoFi;
				INFOPLIST_KEY_NSDocumentsFolderUsageDescription = "We need access to your documents";
				INFOPLIST_KEY_NSPhotoLibraryUsageDescription = "Need access to get photos";
				INFOPLIST_KEY_UIApplicationSceneManifest_Generation = YES;
				INFOPLIST_KEY_UIApplicationSupportsIndirectInputEvents = YES;
				INFOPLIST_KEY_UILaunchScreen_Generation = YES;
				INFOPLIST_KEY_UISupportedInterfaceOrientations_iPad = "UIInterfaceOrientationPortrait UIInterfaceOrientationPortraitUpsideDown UIInterfaceOrientationLandscapeLeft UIInterfaceOrientationLandscapeRight";
				INFOPLIST_KEY_UISupportedInterfaceOrientations_iPhone = "UIInterfaceOrientationPortrait UIInterfaceOrientationLandscapeLeft UIInterfaceOrientationLandscapeRight";
				INFOPLIST_KEY_UIUserInterfaceStyle = Dark;
				LD_RUNPATH_SEARCH_PATHS = (
					"$(inherited)",
					"@executable_path/Frameworks",
				);
				MARKETING_VERSION = 1.0;
				PRODUCT_BUNDLE_IDENTIFIER = "com.karthirasu.Offline-Files-App";
				PRODUCT_NAME = "$(TARGET_NAME)";
				SWIFT_EMIT_LOC_STRINGS = YES;
				SWIFT_VERSION = 5.0;
				TARGETED_DEVICE_FAMILY = "1,2";
			};
			name = Release;
		};
/* End XCBuildConfiguration section */

/* Begin XCConfigurationList section */
		739D97E12D2F6FDE009AA35B /* Build configuration list for PBXProject "Offline-Files-App" */ = {
			isa = XCConfigurationList;
			buildConfigurations = (
				739D97F72D2F6FDF009AA35B /* Debug */,
				739D97F82D2F6FDF009AA35B /* Release */,
			);
			defaultConfigurationIsVisible = 0;
			defaultConfigurationName = Release;
		};
		739D97F92D2F6FDF009AA35B /* Build configuration list for PBXNativeTarget "Offline-Files-App" */ = {
			isa = XCConfigurationList;
			buildConfigurations = (
				739D97FA2D2F6FDF009AA35B /* Debug */,
				739D97FB2D2F6FDF009AA35B /* Release */,
			);
			defaultConfigurationIsVisible = 0;
			defaultConfigurationName = Release;
		};
/* End XCConfigurationList section */

/* Begin XCVersionGroup section */
		73A93C362D3153CC004ADEC1 /* Offline_Files_App.xcdatamodeld */ = {
			isa = XCVersionGroup;
			children = (
				73A93C3F2D3153CC004ADEC1 /* Offline_Files_App.xcdatamodel */,
			);
			currentVersion = 73A93C3F2D3153CC004ADEC1 /* Offline_Files_App.xcdatamodel */;
			path = Offline_Files_App.xcdatamodeld;
			sourceTree = "<group>";
			versionGroupType = wrapper.xcdatamodel;
		};
/* End XCVersionGroup section */
	};
	rootObject = 739D97DE2D2F6FDE009AA35B /* Project object */;
}
